
Microsoft Visual Studio Solution File, Format Version 12.00
# Visual Studio Version 17
VisualStudioVersion = 17.12.35514.174 d17.12
MinimumVisualStudioVersion = 10.0.40219.1
Project("{FAE04EC0-301F-11D3-BF4B-00C04F79EFBC}") = "LibraryManagementSystem.Application", "LibraryManagementSystem\LibraryManagementSystem\Core\LibraryManagementSystem.Application\LibraryManagementSystem.Application.csproj", "{91DCA30A-56B0-4748-BED6-6F4869A37640}"
EndProject
Project("{FAE04EC0-301F-11D3-BF4B-00C04F79EFBC}") = "LibraryManagementSystem.Domain", "LibraryManagementSystem\LibraryManagementSystem\Core\LibraryManagementSystem.Domain\LibraryManagementSystem.Domain.csproj", "{775B8EA6-5832-4CC2-8B2C-57FEEFC0520B}"
EndProject
Project("{FAE04EC0-301F-11D3-BF4B-00C04F79EFBC}") = "LibraryManagementSystem.Infrastructure", "LibraryManagementSystem\LibraryManagementSystem\Infrastructure\LibraryManagementSystem.Infrastructure\LibraryManagementSystem.Infrastructure.csproj", "{717C53FB-A356-4031-B8CE-F523AFA89177}"
EndProject
Project("{FAE04EC0-301F-11D3-BF4B-00C04F79EFBC}") = "LibraryManagementSystem.Persistence", "LibraryManagementSystem\LibraryManagementSystem\Infrastructure\LibraryManagementSystem.Persistence\LibraryManagementSystem.Persistence.csproj", "{AE3B6B1D-FA61-4E91-A934-7353323E6BAB}"
EndProject
Project("{FAE04EC0-301F-11D3-BF4B-00C04F79EFBC}") = "LibraryManagementSystem.Api", "LibraryManagementSystem\LibraryManagementSystem\Presentation\LibraryManagementSystem.Api\LibraryManagementSystem.Api.csproj", "{B3A141C1-128C-48BE-AE54-BA5CA3900B51}"
EndProject
Project("{FAE04EC0-301F-11D3-BF4B-00C04F79EFBC}") = "LibraryManagementSystem.Test", "LibraryManagementSystem\LibraryManagementSystem\Test\LibraryManagementSystem.Test.csproj", "{4E5D9DB7-9545-4170-B977-962B0CF86327}"
EndProject
Global
	GlobalSection(SolutionConfigurationPlatforms) = preSolution
		Debug|Any CPU = Debug|Any CPU
		Release|Any CPU = Release|Any CPU
	EndGlobalSection
	GlobalSection(ProjectConfigurationPlatforms) = postSolution
		{91DCA30A-56B0-4748-BED6-6F4869A37640}.Debug|Any CPU.ActiveCfg = Debug|Any CPU
		{91DCA30A-56B0-4748-BED6-6F4869A37640}.Debug|Any CPU.Build.0 = Debug|Any CPU
		{91DCA30A-56B0-4748-BED6-6F4869A37640}.Release|Any CPU.ActiveCfg = Release|Any CPU
		{91DCA30A-56B0-4748-BED6-6F4869A37640}.Release|Any CPU.Build.0 = Release|Any CPU
		{775B8EA6-5832-4CC2-8B2C-57FEEFC0520B}.Debug|Any CPU.ActiveCfg = Debug|Any CPU
		{775B8EA6-5832-4CC2-8B2C-57FEEFC0520B}.Debug|Any CPU.Build.0 = Debug|Any CPU
		{775B8EA6-5832-4CC2-8B2C-57FEEFC0520B}.Release|Any CPU.ActiveCfg = Release|Any CPU
		{775B8EA6-5832-4CC2-8B2C-57FEEFC0520B}.Release|Any CPU.Build.0 = Release|Any CPU
		{717C53FB-A356-4031-B8CE-F523AFA89177}.Debug|Any CPU.ActiveCfg = Debug|Any CPU
		{717C53FB-A356-4031-B8CE-F523AFA89177}.Debug|Any CPU.Build.0 = Debug|Any CPU
		{717C53FB-A356-4031-B8CE-F523AFA89177}.Release|Any CPU.ActiveCfg = Release|Any CPU
		{717C53FB-A356-4031-B8CE-F523AFA89177}.Release|Any CPU.Build.0 = Release|Any CPU
		{AE3B6B1D-FA61-4E91-A934-7353323E6BAB}.Debug|Any CPU.ActiveCfg = Debug|Any CPU
		{AE3B6B1D-FA61-4E91-A934-7353323E6BAB}.Debug|Any CPU.Build.0 = Debug|Any CPU
		{AE3B6B1D-FA61-4E91-A934-7353323E6BAB}.Release|Any CPU.ActiveCfg = Release|Any CPU
		{AE3B6B1D-FA61-4E91-A934-7353323E6BAB}.Release|Any CPU.Build.0 = Release|Any CPU
		{B3A141C1-128C-48BE-AE54-BA5CA3900B51}.Debug|Any CPU.ActiveCfg = Debug|Any CPU
		{B3A141C1-128C-48BE-AE54-BA5CA3900B51}.Debug|Any CPU.Build.0 = Debug|Any CPU
		{B3A141C1-128C-48BE-AE54-BA5CA3900B51}.Release|Any CPU.ActiveCfg = Release|Any CPU
		{B3A141C1-128C-48BE-AE54-BA5CA3900B51}.Release|Any CPU.Build.0 = Release|Any CPU
		{4E5D9DB7-9545-4170-B977-962B0CF86327}.Debug|Any CPU.ActiveCfg = Debug|Any CPU
		{4E5D9DB7-9545-4170-B977-962B0CF86327}.Debug|Any CPU.Build.0 = Debug|Any CPU
		{4E5D9DB7-9545-4170-B977-962B0CF86327}.Release|Any CPU.ActiveCfg = Release|Any CPU
		{4E5D9DB7-9545-4170-B977-962B0CF86327}.Release|Any CPU.Build.0 = Release|Any CPU
	EndGlobalSection
	GlobalSection(SolutionProperties) = preSolution
		HideSolutionNode = FALSE
	EndGlobalSection
EndGlobal
